
Microsoft Visual Studio Solution File, Format Version 12.00
# Visual Studio Version 16
VisualStudioVersion = 16.0.32002.261
MinimumVisualStudioVersion = 10.0.40219.1
Project("{FAE04EC0-301F-11D3-BF4B-00C04F79EFBC}") = "GFGen", "GFGen\GFGen.csproj", "{EE7EC2D9-5E9F-444E-A7BF-E0C26132DFEF}"
EndProject
Global
	GlobalSection(SolutionConfigurationPlatforms) = preSolution
		Debug|Any CPU = Debug|Any CPU
		Release|Any CPU = Release|Any CPU
	EndGlobalSection
	GlobalSection(ProjectConfigurationPlatforms) = postSolution
		{EE7EC2D9-5E9F-444E-A7BF-E0C26132DFEF}.Debug|Any CPU.ActiveCfg = Debug|Any CPU
		{EE7EC2D9-5E9F-444E-A7BF-E0C26132DFEF}.Debug|Any CPU.Build.0 = Debug|Any CPU
		{EE7EC2D9-5E9F-444E-A7BF-E0C26132DFEF}.Release|Any CPU.ActiveCfg = Release|Any CPU
		{EE7EC2D9-5E9F-444E-A7BF-E0C26132DFEF}.Release|Any CPU.Build.0 = Release|Any CPU
	EndGlobalSection
	GlobalSection(SolutionProperties) = preSolution
		HideSolutionNode = FALSE
	EndGlobalSection
	GlobalSection(ExtensibilityGlobals) = postSolution
		SolutionGuid = {0780D1C3-DCF9-4F62-8710-73AB121900F8}
	EndGlobalSection
EndGlobal
